
Microsoft Visual Studio Solution File, Format Version 12.00
# Visual Studio Version 17
VisualStudioVersion = 17.0.32002.185
MinimumVisualStudioVersion = 10.0.40219.1
Project("{9A19103F-16F7-4668-BE54-9A1E7A4F7556}") = "WebAPI", "WebAPI\WebAPI.csproj", "{6C676506-1B95-4870-86EA-A93925C39024}"
EndProject
Project("{9A19103F-16F7-4668-BE54-9A1E7A4F7556}") = "Domain", "Domain\Domain.csproj", "{9E66E549-21F9-4A10-B6AE-FCFBF575571E}"
EndProject
Project("{9A19103F-16F7-4668-BE54-9A1E7A4F7556}") = "Application", "Application\Application.csproj", "{D20D72F5-319A-47C9-9376-BEB13874C28F}"
EndProject
Project("{9A19103F-16F7-4668-BE54-9A1E7A4F7556}") = "Infrastructure", "Infrastructure\Infrastructure.csproj", "{DDCB6520-AFBD-445B-B0AF-5152F8099991}"
EndProject
Project("{FAE04EC0-301F-11D3-BF4B-00C04F79EFBC}") = "PaymentAPI", "PaymentAPI\PaymentAPI.csproj", "{2E0AABAF-59FE-4BDA-905D-1D61C6D81417}"
EndProject
Global
	GlobalSection(SolutionConfigurationPlatforms) = preSolution
		Debug|Any CPU = Debug|Any CPU
		Release|Any CPU = Release|Any CPU
	EndGlobalSection
	GlobalSection(ProjectConfigurationPlatforms) = postSolution
		{6C676506-1B95-4870-86EA-A93925C39024}.Debug|Any CPU.ActiveCfg = Debug|Any CPU
		{6C676506-1B95-4870-86EA-A93925C39024}.Debug|Any CPU.Build.0 = Debug|Any CPU
		{6C676506-1B95-4870-86EA-A93925C39024}.Release|Any CPU.ActiveCfg = Release|Any CPU
		{6C676506-1B95-4870-86EA-A93925C39024}.Release|Any CPU.Build.0 = Release|Any CPU
		{9E66E549-21F9-4A10-B6AE-FCFBF575571E}.Debug|Any CPU.ActiveCfg = Debug|Any CPU
		{9E66E549-21F9-4A10-B6AE-FCFBF575571E}.Debug|Any CPU.Build.0 = Debug|Any CPU
		{9E66E549-21F9-4A10-B6AE-FCFBF575571E}.Release|Any CPU.ActiveCfg = Release|Any CPU
		{9E66E549-21F9-4A10-B6AE-FCFBF575571E}.Release|Any CPU.Build.0 = Release|Any CPU
		{D20D72F5-319A-47C9-9376-BEB13874C28F}.Debug|Any CPU.ActiveCfg = Debug|Any CPU
		{D20D72F5-319A-47C9-9376-BEB13874C28F}.Debug|Any CPU.Build.0 = Debug|Any CPU
		{D20D72F5-319A-47C9-9376-BEB13874C28F}.Release|Any CPU.ActiveCfg = Release|Any CPU
		{D20D72F5-319A-47C9-9376-BEB13874C28F}.Release|Any CPU.Build.0 = Release|Any CPU
		{DDCB6520-AFBD-445B-B0AF-5152F8099991}.Debug|Any CPU.ActiveCfg = Debug|Any CPU
		{DDCB6520-AFBD-445B-B0AF-5152F8099991}.Debug|Any CPU.Build.0 = Debug|Any CPU
		{DDCB6520-AFBD-445B-B0AF-5152F8099991}.Release|Any CPU.ActiveCfg = Release|Any CPU
		{DDCB6520-AFBD-445B-B0AF-5152F8099991}.Release|Any CPU.Build.0 = Release|Any CPU
		{2E0AABAF-59FE-4BDA-905D-1D61C6D81417}.Debug|Any CPU.ActiveCfg = Debug|Any CPU
		{2E0AABAF-59FE-4BDA-905D-1D61C6D81417}.Debug|Any CPU.Build.0 = Debug|Any CPU
		{2E0AABAF-59FE-4BDA-905D-1D61C6D81417}.Release|Any CPU.ActiveCfg = Release|Any CPU
		{2E0AABAF-59FE-4BDA-905D-1D61C6D81417}.Release|Any CPU.Build.0 = Release|Any CPU
	EndGlobalSection
	GlobalSection(SolutionProperties) = preSolution
		HideSolutionNode = FALSE
	EndGlobalSection
	GlobalSection(ExtensibilityGlobals) = postSolution
		SolutionGuid = {32B6BEA7-2F2D-4166-A6D6-6EC6E8D2EC3B}
	EndGlobalSection
EndGlobal
